{
  "requires": true,
  "lockfileVersion": 1,
  "dependencies": {
    "clsx": {
      "version": "1.1.1",
      "resolved": "https://registry.npmjs.org/clsx/-/clsx-1.1.1.tgz",
      "integrity": "sha512-6/bPho624p3S2pMyvP5kKBPXnI3ufHLObBFCfgx+LkeR5lg2XYy2hqZqUf45ypD8COn2bhgGJSUE+l5dhNBieA=="
    },
    "react-data-grid": {
      "version": "7.0.0-beta.7",
      "resolved": "https://registry.npmjs.org/react-data-grid/-/react-data-grid-7.0.0-beta.7.tgz",
      "integrity": "sha512-RlU8JW3GCnKSNq8sr0f59qTjiSx0ArhWcBv5K5+ksklgJ+gQnFc5oVXOXu1aWgtqhiEzvov6Cn6vEi7Jczdwaw==",
      "requires": {
        "clsx": "^1.1.1"
      }
    }
  }
}
