
Microsoft Visual Studio Solution File, Format Version 12.00
# Visual Studio Version 16
VisualStudioVersion = 16.0.31410.357
MinimumVisualStudioVersion = 10.0.40219.1
Project("{FAE04EC0-301F-11D3-BF4B-00C04F79EFBC}") = "Projeto Exemplo 2.0", "Projeto Exemplo 2.0.csproj", "{2DDA6616-6F2C-4984-909B-900CB3AAC690}"
EndProject
Global
	GlobalSection(SolutionConfigurationPlatforms) = preSolution
		Debug|Any CPU = Debug|Any CPU
		Release|Any CPU = Release|Any CPU
	EndGlobalSection
	GlobalSection(ProjectConfigurationPlatforms) = postSolution
		{2DDA6616-6F2C-4984-909B-900CB3AAC690}.Debug|Any CPU.ActiveCfg = Debug|Any CPU
		{2DDA6616-6F2C-4984-909B-900CB3AAC690}.Debug|Any CPU.Build.0 = Debug|Any CPU
		{2DDA6616-6F2C-4984-909B-900CB3AAC690}.Release|Any CPU.ActiveCfg = Release|Any CPU
		{2DDA6616-6F2C-4984-909B-900CB3AAC690}.Release|Any CPU.Build.0 = Release|Any CPU
	EndGlobalSection
	GlobalSection(SolutionProperties) = preSolution
		HideSolutionNode = FALSE
	EndGlobalSection
	GlobalSection(ExtensibilityGlobals) = postSolution
		SolutionGuid = {7608CDFB-1C79-448A-8828-329DA4CAAF95}
	EndGlobalSection
EndGlobal
